<?xml version="1.0" encoding="utf-8"?>
<Project ToolsVersion="4.0" xmlns="http://schemas.microsoft.com/developer/msbuild/2003">
  <ItemGroup>
    <ClCompile Include="GlobalMountEvent.cpp" />
    <ClCompile Include="VRamDiskPlus.cpp" />
    <ClCompile Include="DokanOperationsImpl.cpp" />
  </ItemGroup>
  <ItemGroup>
    <ClInclude Include="GlobalMountEvent.h" />
    <ClInclude Include="Log.h" />
    <ClInclude Include="VRamDiskPlus.h" />
  </ItemGroup>
</Project>